{
  "name": "tweetshrink",
  "version": "0.1.0",
  "lockfileVersion": 1,
  "requires": true,
  "dependencies": {
    "shoelace-css": {
      "version": "1.0.0-beta24",
      "resolved": "https://registry.npmjs.org/shoelace-css/-/shoelace-css-1.0.0-beta24.tgz",
      "integrity": "sha512-jr+ZFeR+7X8lAEHWlsi2JFVxiVRhOb4v6QP3xjaqz8LUQykEuUt9TIgEiLlA4rFS+8xJFqVlTbQRUgbgKFhtfg=="
    }
  }
}
